
Microsoft Visual Studio Solution File, Format Version 12.00
# Visual Studio Version 17
VisualStudioVersion = 17.8.34316.72
MinimumVisualStudioVersion = 10.0.40219.1
Project("{FAE04EC0-301F-11D3-BF4B-00C04F79EFBC}") = "IncomeTaxCalculator.API", "IncomeTaxCalculator.API\IncomeTaxCalculator.API.csproj", "{2B7BC521-17EE-46F9-AFDC-D0E5E3ED6A15}"
EndProject
Project("{FAE04EC0-301F-11D3-BF4B-00C04F79EFBC}") = "IncomeTaxCalculator.Domain", "IncomeTaxCalculator.Domain\IncomeTaxCalculator.Domain.csproj", "{4690D3AD-7E44-4A36-A8DD-C70EEEEFC4B4}"
EndProject
Project("{FAE04EC0-301F-11D3-BF4B-00C04F79EFBC}") = "IncomeTaxCalculator.Persistence", "IncomeTaxCalculator.Persistence\IncomeTaxCalculator.Persistence.csproj", "{8BED8B4E-EF8D-4A18-AE3B-0EA5C77CB901}"
EndProject
Global
	GlobalSection(SolutionConfigurationPlatforms) = preSolution
		Debug|Any CPU = Debug|Any CPU
		Release|Any CPU = Release|Any CPU
	EndGlobalSection
	GlobalSection(ProjectConfigurationPlatforms) = postSolution
		{2B7BC521-17EE-46F9-AFDC-D0E5E3ED6A15}.Debug|Any CPU.ActiveCfg = Debug|Any CPU
		{2B7BC521-17EE-46F9-AFDC-D0E5E3ED6A15}.Debug|Any CPU.Build.0 = Debug|Any CPU
		{2B7BC521-17EE-46F9-AFDC-D0E5E3ED6A15}.Release|Any CPU.ActiveCfg = Release|Any CPU
		{2B7BC521-17EE-46F9-AFDC-D0E5E3ED6A15}.Release|Any CPU.Build.0 = Release|Any CPU
		{4690D3AD-7E44-4A36-A8DD-C70EEEEFC4B4}.Debug|Any CPU.ActiveCfg = Debug|Any CPU
		{4690D3AD-7E44-4A36-A8DD-C70EEEEFC4B4}.Debug|Any CPU.Build.0 = Debug|Any CPU
		{4690D3AD-7E44-4A36-A8DD-C70EEEEFC4B4}.Release|Any CPU.ActiveCfg = Release|Any CPU
		{4690D3AD-7E44-4A36-A8DD-C70EEEEFC4B4}.Release|Any CPU.Build.0 = Release|Any CPU
		{8BED8B4E-EF8D-4A18-AE3B-0EA5C77CB901}.Debug|Any CPU.ActiveCfg = Debug|Any CPU
		{8BED8B4E-EF8D-4A18-AE3B-0EA5C77CB901}.Debug|Any CPU.Build.0 = Debug|Any CPU
		{8BED8B4E-EF8D-4A18-AE3B-0EA5C77CB901}.Release|Any CPU.ActiveCfg = Release|Any CPU
		{8BED8B4E-EF8D-4A18-AE3B-0EA5C77CB901}.Release|Any CPU.Build.0 = Release|Any CPU
	EndGlobalSection
	GlobalSection(SolutionProperties) = preSolution
		HideSolutionNode = FALSE
	EndGlobalSection
	GlobalSection(ExtensibilityGlobals) = postSolution
		SolutionGuid = {7A8DBC30-88E6-4106-9C70-550FE26E7CBA}
	EndGlobalSection
EndGlobal
