
Microsoft Visual Studio Solution File, Format Version 12.00
# Visual Studio Version 17
VisualStudioVersion = 17.8.34316.72
MinimumVisualStudioVersion = 10.0.40219.1
Project("{9A19103F-16F7-4668-BE54-9A1E7A4F7556}") = "IncomeTaxCalculator.API", "IncomeTaxCalculator.API\IncomeTaxCalculator.API.csproj", "{2B7BC521-17EE-46F9-AFDC-D0E5E3ED6A15}"
EndProject
Project("{9A19103F-16F7-4668-BE54-9A1E7A4F7556}") = "IncomeTaxCalculator.Domain", "IncomeTaxCalculator.Domain\IncomeTaxCalculator.Domain.csproj", "{4690D3AD-7E44-4A36-A8DD-C70EEEEFC4B4}"
EndProject
Project("{9A19103F-16F7-4668-BE54-9A1E7A4F7556}") = "IncomeTaxCalculator.Persistence", "IncomeTaxCalculator.Persistence\IncomeTaxCalculator.Persistence.csproj", "{8BED8B4E-EF8D-4A18-AE3B-0EA5C77CB901}"
EndProject
Project("{54A90642-561A-4BB1-A94E-469ADEE60C69}") = "IncomeTaxCalculator.UI", "IncomeTaxCalculator.UI\IncomeTaxCalculator.UI.esproj", "{4C954183-A09B-458E-832A-87D3234716A9}"
EndProject
Project("{9A19103F-16F7-4668-BE54-9A1E7A4F7556}") = "IncomeTaxCalculator.Domain.Tests", "IncomeTaxCalculator.Domain.Tests\IncomeTaxCalculator.Domain.Tests.csproj", "{6CA3D15B-64BA-4570-9B39-D04CE7EC0C12}"
EndProject
Project("{FAE04EC0-301F-11D3-BF4B-00C04F79EFBC}") = "IncomeTaxCalculator.Persistence.Tests", "IncomeTaxCalculator.Persistence.Tests\IncomeTaxCalculator.Persistence.Tests.csproj", "{F64017F1-5375-494A-9552-2F8AD5819969}"
EndProject
Project("{FAE04EC0-301F-11D3-BF4B-00C04F79EFBC}") = "IncomeTaxCalculator.API.Tests", "IncomeTaxCalculator.API.Tests\IncomeTaxCalculator.API.Tests.csproj", "{2D4E0EDC-95BE-4EF0-AFFD-A929BDCD5F34}"
EndProject
Project("{FAE04EC0-301F-11D3-BF4B-00C04F79EFBC}") = "IncomeTaxCalculator.API.IntegrationTests", "IncomeTaxCalculator.API.IntegrationTests\IncomeTaxCalculator.API.IntegrationTests.csproj", "{21ABC096-05DD-483C-B40C-E48F187B1191}"
EndProject
Global
	GlobalSection(SolutionConfigurationPlatforms) = preSolution
		Debug|Any CPU = Debug|Any CPU
		Release|Any CPU = Release|Any CPU
	EndGlobalSection
	GlobalSection(ProjectConfigurationPlatforms) = postSolution
		{2B7BC521-17EE-46F9-AFDC-D0E5E3ED6A15}.Debug|Any CPU.ActiveCfg = Debug|Any CPU
		{2B7BC521-17EE-46F9-AFDC-D0E5E3ED6A15}.Debug|Any CPU.Build.0 = Debug|Any CPU
		{2B7BC521-17EE-46F9-AFDC-D0E5E3ED6A15}.Release|Any CPU.ActiveCfg = Release|Any CPU
		{2B7BC521-17EE-46F9-AFDC-D0E5E3ED6A15}.Release|Any CPU.Build.0 = Release|Any CPU
		{4690D3AD-7E44-4A36-A8DD-C70EEEEFC4B4}.Debug|Any CPU.ActiveCfg = Debug|Any CPU
		{4690D3AD-7E44-4A36-A8DD-C70EEEEFC4B4}.Debug|Any CPU.Build.0 = Debug|Any CPU
		{4690D3AD-7E44-4A36-A8DD-C70EEEEFC4B4}.Release|Any CPU.ActiveCfg = Release|Any CPU
		{4690D3AD-7E44-4A36-A8DD-C70EEEEFC4B4}.Release|Any CPU.Build.0 = Release|Any CPU
		{8BED8B4E-EF8D-4A18-AE3B-0EA5C77CB901}.Debug|Any CPU.ActiveCfg = Debug|Any CPU
		{8BED8B4E-EF8D-4A18-AE3B-0EA5C77CB901}.Debug|Any CPU.Build.0 = Debug|Any CPU
		{8BED8B4E-EF8D-4A18-AE3B-0EA5C77CB901}.Release|Any CPU.ActiveCfg = Release|Any CPU
		{8BED8B4E-EF8D-4A18-AE3B-0EA5C77CB901}.Release|Any CPU.Build.0 = Release|Any CPU
		{4C954183-A09B-458E-832A-87D3234716A9}.Debug|Any CPU.ActiveCfg = Debug|Any CPU
		{4C954183-A09B-458E-832A-87D3234716A9}.Debug|Any CPU.Build.0 = Debug|Any CPU
		{4C954183-A09B-458E-832A-87D3234716A9}.Debug|Any CPU.Deploy.0 = Debug|Any CPU
		{4C954183-A09B-458E-832A-87D3234716A9}.Release|Any CPU.ActiveCfg = Release|Any CPU
		{4C954183-A09B-458E-832A-87D3234716A9}.Release|Any CPU.Build.0 = Release|Any CPU
		{4C954183-A09B-458E-832A-87D3234716A9}.Release|Any CPU.Deploy.0 = Release|Any CPU
		{6CA3D15B-64BA-4570-9B39-D04CE7EC0C12}.Debug|Any CPU.ActiveCfg = Debug|Any CPU
		{6CA3D15B-64BA-4570-9B39-D04CE7EC0C12}.Debug|Any CPU.Build.0 = Debug|Any CPU
		{6CA3D15B-64BA-4570-9B39-D04CE7EC0C12}.Release|Any CPU.ActiveCfg = Release|Any CPU
		{6CA3D15B-64BA-4570-9B39-D04CE7EC0C12}.Release|Any CPU.Build.0 = Release|Any CPU
		{F64017F1-5375-494A-9552-2F8AD5819969}.Debug|Any CPU.ActiveCfg = Debug|Any CPU
		{F64017F1-5375-494A-9552-2F8AD5819969}.Debug|Any CPU.Build.0 = Debug|Any CPU
		{F64017F1-5375-494A-9552-2F8AD5819969}.Release|Any CPU.ActiveCfg = Release|Any CPU
		{F64017F1-5375-494A-9552-2F8AD5819969}.Release|Any CPU.Build.0 = Release|Any CPU
		{2D4E0EDC-95BE-4EF0-AFFD-A929BDCD5F34}.Debug|Any CPU.ActiveCfg = Debug|Any CPU
		{2D4E0EDC-95BE-4EF0-AFFD-A929BDCD5F34}.Debug|Any CPU.Build.0 = Debug|Any CPU
		{2D4E0EDC-95BE-4EF0-AFFD-A929BDCD5F34}.Release|Any CPU.ActiveCfg = Release|Any CPU
		{2D4E0EDC-95BE-4EF0-AFFD-A929BDCD5F34}.Release|Any CPU.Build.0 = Release|Any CPU
		{21ABC096-05DD-483C-B40C-E48F187B1191}.Debug|Any CPU.ActiveCfg = Debug|Any CPU
		{21ABC096-05DD-483C-B40C-E48F187B1191}.Debug|Any CPU.Build.0 = Debug|Any CPU
		{21ABC096-05DD-483C-B40C-E48F187B1191}.Release|Any CPU.ActiveCfg = Release|Any CPU
		{21ABC096-05DD-483C-B40C-E48F187B1191}.Release|Any CPU.Build.0 = Release|Any CPU
	EndGlobalSection
	GlobalSection(SolutionProperties) = preSolution
		HideSolutionNode = FALSE
	EndGlobalSection
	GlobalSection(ExtensibilityGlobals) = postSolution
		SolutionGuid = {7A8DBC30-88E6-4106-9C70-550FE26E7CBA}
	EndGlobalSection
EndGlobal
